
Microsoft Visual Studio Solution File, Format Version 12.00
# Visual Studio Version 17
VisualStudioVersion = 17.13.35931.197 d17.13
MinimumVisualStudioVersion = 10.0.40219.1
Project("{FAE04EC0-301F-11D3-BF4B-00C04F79EFBC}") = "Huawie Competition", "Huawie Competition\Huawie Competition.csproj", "{918078E5-79AA-4D27-9973-3CB555B8001B}"
EndProject
Global
	GlobalSection(SolutionConfigurationPlatforms) = preSolution
		Debug|Any CPU = Debug|Any CPU
		Release|Any CPU = Release|Any CPU
	EndGlobalSection
	GlobalSection(ProjectConfigurationPlatforms) = postSolution
		{918078E5-79AA-4D27-9973-3CB555B8001B}.Debug|Any CPU.ActiveCfg = Debug|Any CPU
		{918078E5-79AA-4D27-9973-3CB555B8001B}.Debug|Any CPU.Build.0 = Debug|Any CPU
		{918078E5-79AA-4D27-9973-3CB555B8001B}.Release|Any CPU.ActiveCfg = Release|Any CPU
		{918078E5-79AA-4D27-9973-3CB555B8001B}.Release|Any CPU.Build.0 = Release|Any CPU
	EndGlobalSection
	GlobalSection(SolutionProperties) = preSolution
		HideSolutionNode = FALSE
	EndGlobalSection
	GlobalSection(ExtensibilityGlobals) = postSolution
		SolutionGuid = {6BFA2F9A-2847-4CAF-8129-D8B35ACC2E28}
	EndGlobalSection
EndGlobal
